// !$*UTF8*$!
{
	archiveVersion = 1;
	classes = {
	};
	objectVersion = 50;
	objects = {

/* Begin PBXBuildFile section */
		4E5AC239254192DE009C8806 /* UILabel.swift in Sources */ = {isa = PBXBuildFile; fileRef = 4E5AC238254192DE009C8806 /* UILabel.swift */; };
		4E5AC23B25419351009C8806 /* TravelData.swift in Sources */ = {isa = PBXBuildFile; fileRef = 4E5AC23A25419351009C8806 /* TravelData.swift */; };
		4E5AC23D25419405009C8806 /* CardCollectionViewCell.swift in Sources */ = {isa = PBXBuildFile; fileRef = 4E5AC23C25419405009C8806 /* CardCollectionViewCell.swift */; };
		4EBD3455254191B8009B5E09 /* AppDelegate.swift in Sources */ = {isa = PBXBuildFile; fileRef = 4EBD3454254191B8009B5E09 /* AppDelegate.swift */; };
		4EBD3457254191B8009B5E09 /* SceneDelegate.swift in Sources */ = {isa = PBXBuildFile; fileRef = 4EBD3456254191B8009B5E09 /* SceneDelegate.swift */; };
		4EBD3459254191B8009B5E09 /* AgencyVC.swift in Sources */ = {isa = PBXBuildFile; fileRef = 4EBD3458254191B8009B5E09 /* AgencyVC.swift */; };
		4EBD345C254191B8009B5E09 /* Main.storyboard in Resources */ = {isa = PBXBuildFile; fileRef = 4EBD345A254191B8009B5E09 /* Main.storyboard */; };
		4EBD345E254191BA009B5E09 /* Assets.xcassets in Resources */ = {isa = PBXBuildFile; fileRef = 4EBD345D254191BA009B5E09 /* Assets.xcassets */; };
		4EBD3461254191BA009B5E09 /* LaunchScreen.storyboard in Resources */ = {isa = PBXBuildFile; fileRef = 4EBD345F254191BA009B5E09 /* LaunchScreen.storyboard */; };
		4EBD347025419204009B5E09 /* UIImageView.swift in Sources */ = {isa = PBXBuildFile; fileRef = 4EBD346C25419204009B5E09 /* UIImageView.swift */; };
		4EBD347125419204009B5E09 /* AppThemeProtocol.swift in Sources */ = {isa = PBXBuildFile; fileRef = 4EBD346D25419204009B5E09 /* AppThemeProtocol.swift */; };
		4EBD347225419204009B5E09 /* ExtensionUivew.swift in Sources */ = {isa = PBXBuildFile; fileRef = 4EBD346E25419204009B5E09 /* ExtensionUivew.swift */; };
/* End PBXBuildFile section */

/* Begin PBXFileReference section */
		4E5AC238254192DE009C8806 /* UILabel.swift */ = {isa = PBXFileReference; lastKnownFileType = sourcecode.swift; path = UILabel.swift; sourceTree = "<group>"; };
		4E5AC23A25419351009C8806 /* TravelData.swift */ = {isa = PBXFileReference; lastKnownFileType = sourcecode.swift; path = TravelData.swift; sourceTree = "<group>"; };
		4E5AC23C25419405009C8806 /* CardCollectionViewCell.swift */ = {isa = PBXFileReference; lastKnownFileType = sourcecode.swift; path = CardCollectionViewCell.swift; sourceTree = "<group>"; };
		4EBD3451254191B8009B5E09 /* Agency APP.app */ = {isa = PBXFileReference; explicitFileType = wrapper.application; includeInIndex = 0; path = "Agency APP.app"; sourceTree = BUILT_PRODUCTS_DIR; };
		4EBD3454254191B8009B5E09 /* AppDelegate.swift */ = {isa = PBXFileReference; lastKnownFileType = sourcecode.swift; path = AppDelegate.swift; sourceTree = "<group>"; };
		4EBD3456254191B8009B5E09 /* SceneDelegate.swift */ = {isa = PBXFileReference; lastKnownFileType = sourcecode.swift; path = SceneDelegate.swift; sourceTree = "<group>"; };
		4EBD3458254191B8009B5E09 /* AgencyVC.swift */ = {isa = PBXFileReference; lastKnownFileType = sourcecode.swift; path = AgencyVC.swift; sourceTree = "<group>"; };
		4EBD345B254191B8009B5E09 /* Base */ = {isa = PBXFileReference; lastKnownFileType = file.storyboard; name = Base; path = Base.lproj/Main.storyboard; sourceTree = "<group>"; };
		4EBD345D254191BA009B5E09 /* Assets.xcassets */ = {isa = PBXFileReference; lastKnownFileType = folder.assetcatalog; path = Assets.xcassets; sourceTree = "<group>"; };
		4EBD3460254191BA009B5E09 /* Base */ = {isa = PBXFileReference; lastKnownFileType = file.storyboard; name = Base; path = Base.lproj/LaunchScreen.storyboard; sourceTree = "<group>"; };
		4EBD3462254191BA009B5E09 /* Info.plist */ = {isa = PBXFileReference; lastKnownFileType = text.plist.xml; path = Info.plist; sourceTree = "<group>"; };
		4EBD346C25419204009B5E09 /* UIImageView.swift */ = {isa = PBXFileReference; fileEncoding = 4; lastKnownFileType = sourcecode.swift; path = UIImageView.swift; sourceTree = "<group>"; };
		4EBD346D25419204009B5E09 /* AppThemeProtocol.swift */ = {isa = PBXFileReference; fileEncoding = 4; lastKnownFileType = sourcecode.swift; path = AppThemeProtocol.swift; sourceTree = "<group>"; };
		4EBD346E25419204009B5E09 /* ExtensionUivew.swift */ = {isa = PBXFileReference; fileEncoding = 4; lastKnownFileType = sourcecode.swift; path = ExtensionUivew.swift; sourceTree = "<group>"; };
/* End PBXFileReference section */

/* Begin PBXFrameworksBuildPhase section */
		4EBD344E254191B8009B5E09 /* Frameworks */ = {
			isa = PBXFrameworksBuildPhase;
			buildActionMask = 2147483647;
			files = (
			);
			runOnlyForDeploymentPostprocessing = 0;
		};
/* End PBXFrameworksBuildPhase section */

/* Begin PBXGroup section */
		4EBD3448254191B8009B5E09 = {
			isa = PBXGroup;
			children = (
				4EBD3453254191B8009B5E09 /* Agency APP */,
				4EBD3452254191B8009B5E09 /* Products */,
			);
			sourceTree = "<group>";
		};
		4EBD3452254191B8009B5E09 /* Products */ = {
			isa = PBXGroup;
			children = (
				4EBD3451254191B8009B5E09 /* Agency APP.app */,
			);
			name = Products;
			sourceTree = "<group>";
		};
		4EBD3453254191B8009B5E09 /* Agency APP */ = {
			isa = PBXGroup;
			children = (
				4EBD3454254191B8009B5E09 /* AppDelegate.swift */,
				4EBD3456254191B8009B5E09 /* SceneDelegate.swift */,
				4EBD346B254191DB009B5E09 /* helpers */,
				4EBD346A254191D6009B5E09 /* view */,
				4EBD3469254191D1009B5E09 /* model */,
				4EBD3468254191C5009B5E09 /* controller */,
				4EBD345A254191B8009B5E09 /* Main.storyboard */,
				4EBD345D254191BA009B5E09 /* Assets.xcassets */,
				4EBD345F254191BA009B5E09 /* LaunchScreen.storyboard */,
				4EBD3462254191BA009B5E09 /* Info.plist */,
			);
			path = "Agency APP";
			sourceTree = "<group>";
		};
		4EBD3468254191C5009B5E09 /* controller */ = {
			isa = PBXGroup;
			children = (
				4EBD3458254191B8009B5E09 /* AgencyVC.swift */,
			);
			path = controller;
			sourceTree = "<group>";
		};
		4EBD3469254191D1009B5E09 /* model */ = {
			isa = PBXGroup;
			children = (
				4E5AC23A25419351009C8806 /* TravelData.swift */,
			);
			path = model;
			sourceTree = "<group>";
		};
		4EBD346A254191D6009B5E09 /* view */ = {
			isa = PBXGroup;
			children = (
				4E5AC23C25419405009C8806 /* CardCollectionViewCell.swift */,
			);
			path = view;
			sourceTree = "<group>";
		};
		4EBD346B254191DB009B5E09 /* helpers */ = {
			isa = PBXGroup;
			children = (
				4EBD346D25419204009B5E09 /* AppThemeProtocol.swift */,
				4EBD346E25419204009B5E09 /* ExtensionUivew.swift */,
				4EBD346C25419204009B5E09 /* UIImageView.swift */,
				4E5AC238254192DE009C8806 /* UILabel.swift */,
			);
			path = helpers;
			sourceTree = "<group>";
		};
/* End PBXGroup section */

/* Begin PBXNativeTarget section */
		4EBD3450254191B8009B5E09 /* Agency APP */ = {
			isa = PBXNativeTarget;
			buildConfigurationList = 4EBD3465254191BA009B5E09 /* Build configuration list for PBXNativeTarget "Agency APP" */;
			buildPhases = (
				4EBD344D254191B8009B5E09 /* Sources */,
				4EBD344E254191B8009B5E09 /* Frameworks */,
				4EBD344F254191B8009B5E09 /* Resources */,
			);
			buildRules = (
			);
			dependencies = (
			);
			name = "Agency APP";
			productName = "Agency APP";
			productReference = 4EBD3451254191B8009B5E09 /* Agency APP.app */;
			productType = "com.apple.product-type.application";
		};
/* End PBXNativeTarget section */

/* Begin PBXProject section */
		4EBD3449254191B8009B5E09 /* Project object */ = {
			isa = PBXProject;
			attributes = {
				LastSwiftUpdateCheck = 1170;
				LastUpgradeCheck = 1170;
				ORGANIZATIONNAME = hosam;
				TargetAttributes = {
					4EBD3450254191B8009B5E09 = {
						CreatedOnToolsVersion = 11.7;
					};
				};
			};
			buildConfigurationList = 4EBD344C254191B8009B5E09 /* Build configuration list for PBXProject "Agency APP" */;
			compatibilityVersion = "Xcode 9.3";
			developmentRegion = en;
			hasScannedForEncodings = 0;
			knownRegions = (
				en,
				Base,
			);
			mainGroup = 4EBD3448254191B8009B5E09;
			productRefGroup = 4EBD3452254191B8009B5E09 /* Products */;
			projectDirPath = "";
			projectRoot = "";
			targets = (
				4EBD3450254191B8009B5E09 /* Agency APP */,
			);
		};
/* End PBXProject section */

/* Begin PBXResourcesBuildPhase section */
		4EBD344F254191B8009B5E09 /* Resources */ = {
			isa = PBXResourcesBuildPhase;
			buildActionMask = 2147483647;
			files = (
				4EBD3461254191BA009B5E09 /* LaunchScreen.storyboard in Resources */,
				4EBD345E254191BA009B5E09 /* Assets.xcassets in Resources */,
				4EBD345C254191B8009B5E09 /* Main.storyboard in Resources */,
			);
			runOnlyForDeploymentPostprocessing = 0;
		};
/* End PBXResourcesBuildPhase section */

/* Begin PBXSourcesBuildPhase section */
		4EBD344D254191B8009B5E09 /* Sources */ = {
			isa = PBXSourcesBuildPhase;
			buildActionMask = 2147483647;
			files = (
				4EBD347125419204009B5E09 /* AppThemeProtocol.swift in Sources */,
				4EBD347025419204009B5E09 /* UIImageView.swift in Sources */,
				4E5AC239254192DE009C8806 /* UILabel.swift in Sources */,
				4E5AC23B25419351009C8806 /* TravelData.swift in Sources */,
				4EBD347225419204009B5E09 /* ExtensionUivew.swift in Sources */,
				4EBD3459254191B8009B5E09 /* AgencyVC.swift in Sources */,
				4EBD3455254191B8009B5E09 /* AppDelegate.swift in Sources */,
				4E5AC23D25419405009C8806 /* CardCollectionViewCell.swift in Sources */,
				4EBD3457254191B8009B5E09 /* SceneDelegate.swift in Sources */,
			);
			runOnlyForDeploymentPostprocessing = 0;
		};
/* End PBXSourcesBuildPhase section */

/* Begin PBXVariantGroup section */
		4EBD345A254191B8009B5E09 /* Main.storyboard */ = {
			isa = PBXVariantGroup;
			children = (
				4EBD345B254191B8009B5E09 /* Base */,
			);
			name = Main.storyboard;
			sourceTree = "<group>";
		};
		4EBD345F254191BA009B5E09 /* LaunchScreen.storyboard */ = {
			isa = PBXVariantGroup;
			children = (
				4EBD3460254191BA009B5E09 /* Base */,
			);
			name = LaunchScreen.storyboard;
			sourceTree = "<group>";
		};
/* End PBXVariantGroup section */

/* Begin XCBuildConfiguration section */
		4EBD3463254191BA009B5E09 /* Debug */ = {
			isa = XCBuildConfiguration;
			buildSettings = {
				ALWAYS_SEARCH_USER_PATHS = NO;
				CLANG_ANALYZER_NONNULL = YES;
				CLANG_ANALYZER_NUMBER_OBJECT_CONVERSION = YES_AGGRESSIVE;
				CLANG_CXX_LANGUAGE_STANDARD = "gnu++14";
				CLANG_CXX_LIBRARY = "libc++";
				CLANG_ENABLE_MODULES = YES;
				CLANG_ENABLE_OBJC_ARC = YES;
				CLANG_ENABLE_OBJC_WEAK = YES;
				CLANG_WARN_BLOCK_CAPTURE_AUTORELEASING = YES;
				CLANG_WARN_BOOL_CONVERSION = YES;
				CLANG_WARN_COMMA = YES;
				CLANG_WARN_CONSTANT_CONVERSION = YES;
				CLANG_WARN_DEPRECATED_OBJC_IMPLEMENTATIONS = YES;
				CLANG_WARN_DIRECT_OBJC_ISA_USAGE = YES_ERROR;
				CLANG_WARN_DOCUMENTATION_COMMENTS = YES;
				CLANG_WARN_EMPTY_BODY = YES;
				CLANG_WARN_ENUM_CONVERSION = YES;
				CLANG_WARN_INFINITE_RECURSION = YES;
				CLANG_WARN_INT_CONVERSION = YES;
				CLANG_WARN_NON_LITERAL_NULL_CONVERSION = YES;
				CLANG_WARN_OBJC_IMPLICIT_RETAIN_SELF = YES;
				CLANG_WARN_OBJC_LITERAL_CONVERSION = YES;
				CLANG_WARN_OBJC_ROOT_CLASS = YES_ERROR;
				CLANG_WARN_RANGE_LOOP_ANALYSIS = YES;
				CLANG_WARN_STRICT_PROTOTYPES = YES;
				CLANG_WARN_SUSPICIOUS_MOVE = YES;
				CLANG_WARN_UNGUARDED_AVAILABILITY = YES_AGGRESSIVE;
				CLANG_WARN_UNREACHABLE_CODE = YES;
				CLANG_WARN__DUPLICATE_METHOD_MATCH = YES;
				COPY_PHASE_STRIP = NO;
				DEBUG_INFORMATION_FORMAT = dwarf;
				ENABLE_STRICT_OBJC_MSGSEND = YES;
				ENABLE_TESTABILITY = YES;
				GCC_C_LANGUAGE_STANDARD = gnu11;
				GCC_DYNAMIC_NO_PIC = NO;
				GCC_NO_COMMON_BLOCKS = YES;
				GCC_OPTIMIZATION_LEVEL = 0;
				GCC_PREPROCESSOR_DEFINITIONS = (
					"DEBUG=1",
					"$(inherited)",
				);
				GCC_WARN_64_TO_32_BIT_CONVERSION = YES;
				GCC_WARN_ABOUT_RETURN_TYPE = YES_ERROR;
				GCC_WARN_UNDECLARED_SELECTOR = YES;
				GCC_WARN_UNINITIALIZED_AUTOS = YES_AGGRESSIVE;
				GCC_WARN_UNUSED_FUNCTION = YES;
				GCC_WARN_UNUSED_VARIABLE = YES;
				IPHONEOS_DEPLOYMENT_TARGET = 13.7;
				MTL_ENABLE_DEBUG_INFO = INCLUDE_SOURCE;
				MTL_FAST_MATH = YES;
				ONLY_ACTIVE_ARCH = YES;
				SDKROOT = iphoneos;
				SWIFT_ACTIVE_COMPILATION_CONDITIONS = DEBUG;
				SWIFT_OPTIMIZATION_LEVEL = "-Onone";
			};
			name = Debug;
		};
		4EBD3464254191BA009B5E09 /* Release */ = {
			isa = XCBuildConfiguration;
			buildSettings = {
				ALWAYS_SEARCH_USER_PATHS = NO;
				CLANG_ANALYZER_NONNULL = YES;
				CLANG_ANALYZER_NUMBER_OBJECT_CONVERSION = YES_AGGRESSIVE;
				CLANG_CXX_LANGUAGE_STANDARD = "gnu++14";
				CLANG_CXX_LIBRARY = "libc++";
				CLANG_ENABLE_MODULES = YES;
				CLANG_ENABLE_OBJC_ARC = YES;
				CLANG_ENABLE_OBJC_WEAK = YES;
				CLANG_WARN_BLOCK_CAPTURE_AUTORELEASING = YES;
				CLANG_WARN_BOOL_CONVERSION = YES;
				CLANG_WARN_COMMA = YES;
				CLANG_WARN_CONSTANT_CONVERSION = YES;
				CLANG_WARN_DEPRECATED_OBJC_IMPLEMENTATIONS = YES;
				CLANG_WARN_DIRECT_OBJC_ISA_USAGE = YES_ERROR;
				CLANG_WARN_DOCUMENTATION_COMMENTS = YES;
				CLANG_WARN_EMPTY_BODY = YES;
				CLANG_WARN_ENUM_CONVERSION = YES;
				CLANG_WARN_INFINITE_RECURSION = YES;
				CLANG_WARN_INT_CONVERSION = YES;
				CLANG_WARN_NON_LITERAL_NULL_CONVERSION = YES;
				CLANG_WARN_OBJC_IMPLICIT_RETAIN_SELF = YES;
				CLANG_WARN_OBJC_LITERAL_CONVERSION = YES;
				CLANG_WARN_OBJC_ROOT_CLASS = YES_ERROR;
				CLANG_WARN_RANGE_LOOP_ANALYSIS = YES;
				CLANG_WARN_STRICT_PROTOTYPES = YES;
				CLANG_WARN_SUSPICIOUS_MOVE = YES;
				CLANG_WARN_UNGUARDED_AVAILABILITY = YES_AGGRESSIVE;
				CLANG_WARN_UNREACHABLE_CODE = YES;
				CLANG_WARN__DUPLICATE_METHOD_MATCH = YES;
				COPY_PHASE_STRIP = NO;
				DEBUG_INFORMATION_FORMAT = "dwarf-with-dsym";
				ENABLE_NS_ASSERTIONS = NO;
				ENABLE_STRICT_OBJC_MSGSEND = YES;
				GCC_C_LANGUAGE_STANDARD = gnu11;
				GCC_NO_COMMON_BLOCKS = YES;
				GCC_WARN_64_TO_32_BIT_CONVERSION = YES;
				GCC_WARN_ABOUT_RETURN_TYPE = YES_ERROR;
				GCC_WARN_UNDECLARED_SELECTOR = YES;
				GCC_WARN_UNINITIALIZED_AUTOS = YES_AGGRESSIVE;
				GCC_WARN_UNUSED_FUNCTION = YES;
				GCC_WARN_UNUSED_VARIABLE = YES;
				IPHONEOS_DEPLOYMENT_TARGET = 13.7;
				MTL_ENABLE_DEBUG_INFO = NO;
				MTL_FAST_MATH = YES;
				SDKROOT = iphoneos;
				SWIFT_COMPILATION_MODE = wholemodule;
				SWIFT_OPTIMIZATION_LEVEL = "-O";
				VALIDATE_PRODUCT = YES;
			};
			name = Release;
		};
		4EBD3466254191BA009B5E09 /* Debug */ = {
			isa = XCBuildConfiguration;
			buildSettings = {
				ASSETCATALOG_COMPILER_APPICON_NAME = AppIcon;
				CODE_SIGN_STYLE = Automatic;
				DEVELOPMENT_TEAM = 5RTZJMVRS2;
				INFOPLIST_FILE = "Agency APP/Info.plist";
				LD_RUNPATH_SEARCH_PATHS = (
					"$(inherited)",
					"@executable_path/Frameworks",
				);
				PRODUCT_BUNDLE_IDENTIFIER = "com.hosam.net.Agency-APP";
				PRODUCT_NAME = "$(TARGET_NAME)";
				SWIFT_VERSION = 5.0;
				TARGETED_DEVICE_FAMILY = 1;
			};
			name = Debug;
		};
		4EBD3467254191BA009B5E09 /* Release */ = {
			isa = XCBuildConfiguration;
			buildSettings = {
				ASSETCATALOG_COMPILER_APPICON_NAME = AppIcon;
				CODE_SIGN_STYLE = Automatic;
				DEVELOPMENT_TEAM = 5RTZJMVRS2;
				INFOPLIST_FILE = "Agency APP/Info.plist";
				LD_RUNPATH_SEARCH_PATHS = (
					"$(inherited)",
					"@executable_path/Frameworks",
				);
				PRODUCT_BUNDLE_IDENTIFIER = "com.hosam.net.Agency-APP";
				PRODUCT_NAME = "$(TARGET_NAME)";
				SWIFT_VERSION = 5.0;
				TARGETED_DEVICE_FAMILY = 1;
			};
			name = Release;
		};
/* End XCBuildConfiguration section */

/* Begin XCConfigurationList section */
		4EBD344C254191B8009B5E09 /* Build configuration list for PBXProject "Agency APP" */ = {
			isa = XCConfigurationList;
			buildConfigurations = (
				4EBD3463254191BA009B5E09 /* Debug */,
				4EBD3464254191BA009B5E09 /* Release */,
			);
			defaultConfigurationIsVisible = 0;
			defaultConfigurationName = Release;
		};
		4EBD3465254191BA009B5E09 /* Build configuration list for PBXNativeTarget "Agency APP" */ = {
			isa = XCConfigurationList;
			buildConfigurations = (
				4EBD3466254191BA009B5E09 /* Debug */,
				4EBD3467254191BA009B5E09 /* Release */,
			);
			defaultConfigurationIsVisible = 0;
			defaultConfigurationName = Release;
		};
/* End XCConfigurationList section */
	};
	rootObject = 4EBD3449254191B8009B5E09 /* Project object */;
}
